// !$*UTF8*$!
{
	archiveVersion = 1;
	classes = {
	};
	objectVersion = 46;
	objects = {

/* Begin PBXBuildFile section */
		607FACD61AFB9204008FA782 /* AppDelegate.swift in Sources */ = {isa = PBXBuildFile; fileRef = 607FACD51AFB9204008FA782 /* AppDelegate.swift */; };
		607FACDB1AFB9204008FA782 /* Main.storyboard in Resources */ = {isa = PBXBuildFile; fileRef = 607FACD91AFB9204008FA782 /* Main.storyboard */; };
		607FACDD1AFB9204008FA782 /* Images.xcassets in Resources */ = {isa = PBXBuildFile; fileRef = 607FACDC1AFB9204008FA782 /* Images.xcassets */; };
		607FACE01AFB9204008FA782 /* LaunchScreen.xib in Resources */ = {isa = PBXBuildFile; fileRef = 607FACDE1AFB9204008FA782 /* LaunchScreen.xib */; };
		607FACEC1AFB9204008FA782 /* Tests.swift in Sources */ = {isa = PBXBuildFile; fileRef = 607FACEB1AFB9204008FA782 /* Tests.swift */; };
		6C1EDD911DEC28C600359992 /* SocialMediaViewController.swift in Sources */ = {isa = PBXBuildFile; fileRef = 6C1EDD901DEC28C600359992 /* SocialMediaViewController.swift */; };
		6C1EDD951DEC28D300359992 /* SMPosts.swift in Sources */ = {isa = PBXBuildFile; fileRef = 6C1EDD921DEC28D300359992 /* SMPosts.swift */; };
		6C1EDD961DEC28D300359992 /* SocialMediaDataSource.swift in Sources */ = {isa = PBXBuildFile; fileRef = 6C1EDD931DEC28D300359992 /* SocialMediaDataSource.swift */; };
		6C1EDD971DEC28D300359992 /* SocialMediaDelegate.swift in Sources */ = {isa = PBXBuildFile; fileRef = 6C1EDD941DEC28D300359992 /* SocialMediaDelegate.swift */; };
		6C1EDD9B1DEC2A4A00359992 /* SMPost.swift in Sources */ = {isa = PBXBuildFile; fileRef = 6C1EDD991DEC2A4A00359992 /* SMPost.swift */; };
		6C1EDD9C1DEC2A4A00359992 /* SMAuthor.swift in Sources */ = {isa = PBXBuildFile; fileRef = 6C1EDD9A1DEC2A4A00359992 /* SMAuthor.swift */; };
		6C1EDDA01DEC2A6800359992 /* SMPostCell.swift in Sources */ = {isa = PBXBuildFile; fileRef = 6C1EDD9E1DEC2A6800359992 /* SMPostCell.swift */; };
		6C1EDDA11DEC2A6800359992 /* SMPostCell.xib in Resources */ = {isa = PBXBuildFile; fileRef = 6C1EDD9F1DEC2A6800359992 /* SMPostCell.xib */; };
		6C1EDDA91DEC2BAA00359992 /* CollectionDelegate.swift in Sources */ = {isa = PBXBuildFile; fileRef = 6C1EDDA71DEC2BAA00359992 /* CollectionDelegate.swift */; };
		6C1EDDAA1DEC2BAA00359992 /* CollectionDataSource.swift in Sources */ = {isa = PBXBuildFile; fileRef = 6C1EDDA81DEC2BAA00359992 /* CollectionDataSource.swift */; };
		6C1EDDAD1DEC2FEC00359992 /* NetworkManager.swift in Sources */ = {isa = PBXBuildFile; fileRef = 6C1EDDAC1DEC2FEC00359992 /* NetworkManager.swift */; };
		6C4300E61DEC681900E7F904 /* FetchRequestController.swift in Sources */ = {isa = PBXBuildFile; fileRef = 6C4300E51DEC681900E7F904 /* FetchRequestController.swift */; };
		6C4300E81DEC6C4E00E7F904 /* StringExtension.swift in Sources */ = {isa = PBXBuildFile; fileRef = 6C4300E71DEC6C4E00E7F904 /* StringExtension.swift */; };
		AE0171F68932F8E791CCF1EF /* Pods_STWSocialKit_Example.framework in Frameworks */ = {isa = PBXBuildFile; fileRef = 66A63A432B8719385B49BBB5 /* Pods_STWSocialKit_Example.framework */; };
/* End PBXBuildFile section */

/* Begin PBXContainerItemProxy section */
		607FACE61AFB9204008FA782 /* PBXContainerItemProxy */ = {
			isa = PBXContainerItemProxy;
			containerPortal = 607FACC81AFB9204008FA782 /* Project object */;
			proxyType = 1;
			remoteGlobalIDString = 607FACCF1AFB9204008FA782;
			remoteInfo = STWSocialKit;
		};
/* End PBXContainerItemProxy section */

/* Begin PBXFileReference section */
		1B480F8AE804D9EF242B484E /* README.md */ = {isa = PBXFileReference; includeInIndex = 1; lastKnownFileType = net.daringfireball.markdown; name = README.md; path = ../README.md; sourceTree = "<group>"; };
		1CF13B6995A26A25E366C3A1 /* Pods_STWSocialKit_Tests.framework */ = {isa = PBXFileReference; explicitFileType = wrapper.framework; includeInIndex = 0; path = Pods_STWSocialKit_Tests.framework; sourceTree = BUILT_PRODUCTS_DIR; };
		5660A8FEF1BA3C4A3FDF24C0 /* Pods-STWSocialKit_Example.release.xcconfig */ = {isa = PBXFileReference; includeInIndex = 1; lastKnownFileType = text.xcconfig; name = "Pods-STWSocialKit_Example.release.xcconfig"; path = "Pods/Target Support Files/Pods-STWSocialKit_Example/Pods-STWSocialKit_Example.release.xcconfig"; sourceTree = "<group>"; };
		607FACD01AFB9204008FA782 /* STWSocialKit_Example.app */ = {isa = PBXFileReference; explicitFileType = wrapper.application; includeInIndex = 0; path = STWSocialKit_Example.app; sourceTree = BUILT_PRODUCTS_DIR; };
		607FACD41AFB9204008FA782 /* Info.plist */ = {isa = PBXFileReference; lastKnownFileType = text.plist.xml; path = Info.plist; sourceTree = "<group>"; };
		607FACD51AFB9204008FA782 /* AppDelegate.swift */ = {isa = PBXFileReference; lastKnownFileType = sourcecode.swift; path = AppDelegate.swift; sourceTree = "<group>"; };
		607FACDA1AFB9204008FA782 /* Base */ = {isa = PBXFileReference; lastKnownFileType = file.storyboard; name = Base; path = Base.lproj/Main.storyboard; sourceTree = "<group>"; };
		607FACDC1AFB9204008FA782 /* Images.xcassets */ = {isa = PBXFileReference; lastKnownFileType = folder.assetcatalog; path = Images.xcassets; sourceTree = "<group>"; };
		607FACDF1AFB9204008FA782 /* Base */ = {isa = PBXFileReference; lastKnownFileType = file.xib; name = Base; path = Base.lproj/LaunchScreen.xib; sourceTree = "<group>"; };
		607FACE51AFB9204008FA782 /* STWSocialKit_Tests.xctest */ = {isa = PBXFileReference; explicitFileType = wrapper.cfbundle; includeInIndex = 0; path = STWSocialKit_Tests.xctest; sourceTree = BUILT_PRODUCTS_DIR; };
		607FACEA1AFB9204008FA782 /* Info.plist */ = {isa = PBXFileReference; lastKnownFileType = text.plist.xml; path = Info.plist; sourceTree = "<group>"; };
		607FACEB1AFB9204008FA782 /* Tests.swift */ = {isa = PBXFileReference; lastKnownFileType = sourcecode.swift; path = Tests.swift; sourceTree = "<group>"; };
		66A63A432B8719385B49BBB5 /* Pods_STWSocialKit_Example.framework */ = {isa = PBXFileReference; explicitFileType = wrapper.framework; includeInIndex = 0; path = Pods_STWSocialKit_Example.framework; sourceTree = BUILT_PRODUCTS_DIR; };
		6C1EDD901DEC28C600359992 /* SocialMediaViewController.swift */ = {isa = PBXFileReference; fileEncoding = 4; lastKnownFileType = sourcecode.swift; path = SocialMediaViewController.swift; sourceTree = "<group>"; };
		6C1EDD921DEC28D300359992 /* SMPosts.swift */ = {isa = PBXFileReference; fileEncoding = 4; lastKnownFileType = sourcecode.swift; path = SMPosts.swift; sourceTree = "<group>"; };
		6C1EDD931DEC28D300359992 /* SocialMediaDataSource.swift */ = {isa = PBXFileReference; fileEncoding = 4; lastKnownFileType = sourcecode.swift; path = SocialMediaDataSource.swift; sourceTree = "<group>"; };
		6C1EDD941DEC28D300359992 /* SocialMediaDelegate.swift */ = {isa = PBXFileReference; fileEncoding = 4; lastKnownFileType = sourcecode.swift; path = SocialMediaDelegate.swift; sourceTree = "<group>"; };
		6C1EDD991DEC2A4A00359992 /* SMPost.swift */ = {isa = PBXFileReference; fileEncoding = 4; lastKnownFileType = sourcecode.swift; path = SMPost.swift; sourceTree = "<group>"; };
		6C1EDD9A1DEC2A4A00359992 /* SMAuthor.swift */ = {isa = PBXFileReference; fileEncoding = 4; lastKnownFileType = sourcecode.swift; path = SMAuthor.swift; sourceTree = "<group>"; };
		6C1EDD9E1DEC2A6800359992 /* SMPostCell.swift */ = {isa = PBXFileReference; fileEncoding = 4; lastKnownFileType = sourcecode.swift; path = SMPostCell.swift; sourceTree = "<group>"; };
		6C1EDD9F1DEC2A6800359992 /* SMPostCell.xib */ = {isa = PBXFileReference; fileEncoding = 4; lastKnownFileType = file.xib; path = SMPostCell.xib; sourceTree = "<group>"; };
		6C1EDDA71DEC2BAA00359992 /* CollectionDelegate.swift */ = {isa = PBXFileReference; fileEncoding = 4; lastKnownFileType = sourcecode.swift; path = CollectionDelegate.swift; sourceTree = "<group>"; };
		6C1EDDA81DEC2BAA00359992 /* CollectionDataSource.swift */ = {isa = PBXFileReference; fileEncoding = 4; lastKnownFileType = sourcecode.swift; path = CollectionDataSource.swift; sourceTree = "<group>"; };
		6C1EDDAC1DEC2FEC00359992 /* NetworkManager.swift */ = {isa = PBXFileReference; fileEncoding = 4; lastKnownFileType = sourcecode.swift; path = NetworkManager.swift; sourceTree = "<group>"; };
		6C4300E51DEC681900E7F904 /* FetchRequestController.swift */ = {isa = PBXFileReference; fileEncoding = 4; lastKnownFileType = sourcecode.swift; path = FetchRequestController.swift; sourceTree = "<group>"; };
		6C4300E71DEC6C4E00E7F904 /* StringExtension.swift */ = {isa = PBXFileReference; fileEncoding = 4; lastKnownFileType = sourcecode.swift; path = StringExtension.swift; sourceTree = "<group>"; };
		7090953B52D2EE53965F3A6A /* LICENSE */ = {isa = PBXFileReference; includeInIndex = 1; lastKnownFileType = text; name = LICENSE; path = ../LICENSE; sourceTree = "<group>"; };
		71802D8A37AC607C80F4E3FA /* STWSocialKit.podspec */ = {isa = PBXFileReference; includeInIndex = 1; lastKnownFileType = text; name = STWSocialKit.podspec; path = ../STWSocialKit.podspec; sourceTree = "<group>"; };
		86AC069CDD116960932A51D4 /* Pods-STWSocialKit_Example.debug.xcconfig */ = {isa = PBXFileReference; includeInIndex = 1; lastKnownFileType = text.xcconfig; name = "Pods-STWSocialKit_Example.debug.xcconfig"; path = "Pods/Target Support Files/Pods-STWSocialKit_Example/Pods-STWSocialKit_Example.debug.xcconfig"; sourceTree = "<group>"; };
/* End PBXFileReference section */

/* Begin PBXFrameworksBuildPhase section */
		607FACCD1AFB9204008FA782 /* Frameworks */ = {
			isa = PBXFrameworksBuildPhase;
			buildActionMask = 2147483647;
			files = (
				AE0171F68932F8E791CCF1EF /* Pods_STWSocialKit_Example.framework in Frameworks */,
			);
			runOnlyForDeploymentPostprocessing = 0;
		};
		607FACE21AFB9204008FA782 /* Frameworks */ = {
			isa = PBXFrameworksBuildPhase;
			buildActionMask = 2147483647;
			files = (
			);
			runOnlyForDeploymentPostprocessing = 0;
		};
/* End PBXFrameworksBuildPhase section */

/* Begin PBXGroup section */
		17C6F18052D24BF1EE8B107A /* Pods */ = {
			isa = PBXGroup;
			children = (
				86AC069CDD116960932A51D4 /* Pods-STWSocialKit_Example.debug.xcconfig */,
				5660A8FEF1BA3C4A3FDF24C0 /* Pods-STWSocialKit_Example.release.xcconfig */,
			);
			name = Pods;
			sourceTree = "<group>";
		};
		1B54D20A7A68414CDCC0A105 /* Frameworks */ = {
			isa = PBXGroup;
			children = (
				66A63A432B8719385B49BBB5 /* Pods_STWSocialKit_Example.framework */,
				1CF13B6995A26A25E366C3A1 /* Pods_STWSocialKit_Tests.framework */,
			);
			name = Frameworks;
			sourceTree = "<group>";
		};
		607FACC71AFB9204008FA782 = {
			isa = PBXGroup;
			children = (
				607FACF51AFB993E008FA782 /* Podspec Metadata */,
				607FACD21AFB9204008FA782 /* Example for STWSocialKit */,
				607FACE81AFB9204008FA782 /* Tests */,
				607FACD11AFB9204008FA782 /* Products */,
				17C6F18052D24BF1EE8B107A /* Pods */,
				1B54D20A7A68414CDCC0A105 /* Frameworks */,
			);
			sourceTree = "<group>";
		};
		607FACD11AFB9204008FA782 /* Products */ = {
			isa = PBXGroup;
			children = (
				607FACD01AFB9204008FA782 /* STWSocialKit_Example.app */,
				607FACE51AFB9204008FA782 /* STWSocialKit_Tests.xctest */,
			);
			name = Products;
			sourceTree = "<group>";
		};
		607FACD21AFB9204008FA782 /* Example for STWSocialKit */ = {
			isa = PBXGroup;
			children = (
				6C4300E51DEC681900E7F904 /* FetchRequestController.swift */,
				6C4300E71DEC6C4E00E7F904 /* StringExtension.swift */,
				607FACD51AFB9204008FA782 /* AppDelegate.swift */,
				6C1EDDAC1DEC2FEC00359992 /* NetworkManager.swift */,
				6C1EDD901DEC28C600359992 /* SocialMediaViewController.swift */,
				6C1EDDAB1DEC2BB300359992 /* Protocols */,
				6C1EDDA21DEC2A6C00359992 /* Cell */,
				6C1EDD9D1DEC2A4F00359992 /* Model */,
				6C1EDD981DEC28DA00359992 /* DataSource */,
				607FACD91AFB9204008FA782 /* Main.storyboard */,
				607FACDC1AFB9204008FA782 /* Images.xcassets */,
				607FACDE1AFB9204008FA782 /* LaunchScreen.xib */,
				607FACD31AFB9204008FA782 /* Supporting Files */,
			);
			name = "Example for STWSocialKit";
			path = STWSocialKit;
			sourceTree = "<group>";
		};
		607FACD31AFB9204008FA782 /* Supporting Files */ = {
			isa = PBXGroup;
			children = (
				607FACD41AFB9204008FA782 /* Info.plist */,
			);
			name = "Supporting Files";
			sourceTree = "<group>";
		};
		607FACE81AFB9204008FA782 /* Tests */ = {
			isa = PBXGroup;
			children = (
				607FACEB1AFB9204008FA782 /* Tests.swift */,
				607FACE91AFB9204008FA782 /* Supporting Files */,
			);
			path = Tests;
			sourceTree = "<group>";
		};
		607FACE91AFB9204008FA782 /* Supporting Files */ = {
			isa = PBXGroup;
			children = (
				607FACEA1AFB9204008FA782 /* Info.plist */,
			);
			name = "Supporting Files";
			sourceTree = "<group>";
		};
		607FACF51AFB993E008FA782 /* Podspec Metadata */ = {
			isa = PBXGroup;
			children = (
				71802D8A37AC607C80F4E3FA /* STWSocialKit.podspec */,
				1B480F8AE804D9EF242B484E /* README.md */,
				7090953B52D2EE53965F3A6A /* LICENSE */,
			);
			name = "Podspec Metadata";
			sourceTree = "<group>";
		};
		6C1EDD981DEC28DA00359992 /* DataSource */ = {
			isa = PBXGroup;
			children = (
				6C1EDD921DEC28D300359992 /* SMPosts.swift */,
				6C1EDD931DEC28D300359992 /* SocialMediaDataSource.swift */,
				6C1EDD941DEC28D300359992 /* SocialMediaDelegate.swift */,
			);
			name = DataSource;
			sourceTree = "<group>";
		};
		6C1EDD9D1DEC2A4F00359992 /* Model */ = {
			isa = PBXGroup;
			children = (
				6C1EDD991DEC2A4A00359992 /* SMPost.swift */,
				6C1EDD9A1DEC2A4A00359992 /* SMAuthor.swift */,
			);
			name = Model;
			sourceTree = "<group>";
		};
		6C1EDDA21DEC2A6C00359992 /* Cell */ = {
			isa = PBXGroup;
			children = (
				6C1EDD9E1DEC2A6800359992 /* SMPostCell.swift */,
				6C1EDD9F1DEC2A6800359992 /* SMPostCell.xib */,
			);
			name = Cell;
			sourceTree = "<group>";
		};
		6C1EDDAB1DEC2BB300359992 /* Protocols */ = {
			isa = PBXGroup;
			children = (
				6C1EDDA71DEC2BAA00359992 /* CollectionDelegate.swift */,
				6C1EDDA81DEC2BAA00359992 /* CollectionDataSource.swift */,
			);
			name = Protocols;
			sourceTree = "<group>";
		};
/* End PBXGroup section */

/* Begin PBXNativeTarget section */
		607FACCF1AFB9204008FA782 /* STWSocialKit_Example */ = {
			isa = PBXNativeTarget;
			buildConfigurationList = 607FACEF1AFB9204008FA782 /* Build configuration list for PBXNativeTarget "STWSocialKit_Example" */;
			buildPhases = (
				B87AC2217C00EF3A7F538C23 /* [CP] Check Pods Manifest.lock */,
				607FACCC1AFB9204008FA782 /* Sources */,
				607FACCD1AFB9204008FA782 /* Frameworks */,
				607FACCE1AFB9204008FA782 /* Resources */,
				2D5439E2733F6434EC03A815 /* [CP] Embed Pods Frameworks */,
				02FA4254D739639EF6EF45A7 /* [CP] Copy Pods Resources */,
			);
			buildRules = (
			);
			dependencies = (
			);
			name = STWSocialKit_Example;
			productName = STWSocialKit;
			productReference = 607FACD01AFB9204008FA782 /* STWSocialKit_Example.app */;
			productType = "com.apple.product-type.application";
		};
		607FACE41AFB9204008FA782 /* STWSocialKit_Tests */ = {
			isa = PBXNativeTarget;
			buildConfigurationList = 607FACF21AFB9204008FA782 /* Build configuration list for PBXNativeTarget "STWSocialKit_Tests" */;
			buildPhases = (
				607FACE11AFB9204008FA782 /* Sources */,
				607FACE21AFB9204008FA782 /* Frameworks */,
				607FACE31AFB9204008FA782 /* Resources */,
			);
			buildRules = (
			);
			dependencies = (
				607FACE71AFB9204008FA782 /* PBXTargetDependency */,
			);
			name = STWSocialKit_Tests;
			productName = Tests;
			productReference = 607FACE51AFB9204008FA782 /* STWSocialKit_Tests.xctest */;
			productType = "com.apple.product-type.bundle.unit-test";
		};
/* End PBXNativeTarget section */

/* Begin PBXProject section */
		607FACC81AFB9204008FA782 /* Project object */ = {
			isa = PBXProject;
			attributes = {
				LastSwiftUpdateCheck = 0720;
				LastUpgradeCheck = 0810;
				ORGANIZATIONNAME = CocoaPods;
				TargetAttributes = {
					607FACCF1AFB9204008FA782 = {
						CreatedOnToolsVersion = 6.3.1;
						LastSwiftMigration = 0810;
					};
					607FACE41AFB9204008FA782 = {
						CreatedOnToolsVersion = 6.3.1;
						LastSwiftMigration = 0810;
						TestTargetID = 607FACCF1AFB9204008FA782;
					};
				};
			};
			buildConfigurationList = 607FACCB1AFB9204008FA782 /* Build configuration list for PBXProject "STWSocialKit" */;
			compatibilityVersion = "Xcode 3.2";
			developmentRegion = English;
			hasScannedForEncodings = 0;
			knownRegions = (
				en,
				Base,
			);
			mainGroup = 607FACC71AFB9204008FA782;
			productRefGroup = 607FACD11AFB9204008FA782 /* Products */;
			projectDirPath = "";
			projectRoot = "";
			targets = (
				607FACCF1AFB9204008FA782 /* STWSocialKit_Example */,
				607FACE41AFB9204008FA782 /* STWSocialKit_Tests */,
			);
		};
/* End PBXProject section */

/* Begin PBXResourcesBuildPhase section */
		607FACCE1AFB9204008FA782 /* Resources */ = {
			isa = PBXResourcesBuildPhase;
			buildActionMask = 2147483647;
			files = (
				607FACDB1AFB9204008FA782 /* Main.storyboard in Resources */,
				6C1EDDA11DEC2A6800359992 /* SMPostCell.xib in Resources */,
				607FACE01AFB9204008FA782 /* LaunchScreen.xib in Resources */,
				607FACDD1AFB9204008FA782 /* Images.xcassets in Resources */,
			);
			runOnlyForDeploymentPostprocessing = 0;
		};
		607FACE31AFB9204008FA782 /* Resources */ = {
			isa = PBXResourcesBuildPhase;
			buildActionMask = 2147483647;
			files = (
			);
			runOnlyForDeploymentPostprocessing = 0;
		};
/* End PBXResourcesBuildPhase section */

/* Begin PBXShellScriptBuildPhase section */
		02FA4254D739639EF6EF45A7 /* [CP] Copy Pods Resources */ = {
			isa = PBXShellScriptBuildPhase;
			buildActionMask = 2147483647;
			files = (
			);
			inputPaths = (
			);
			name = "[CP] Copy Pods Resources";
			outputPaths = (
			);
			runOnlyForDeploymentPostprocessing = 0;
			shellPath = /bin/sh;
			shellScript = "\"${SRCROOT}/Pods/Target Support Files/Pods-STWSocialKit_Example/Pods-STWSocialKit_Example-resources.sh\"\n";
			showEnvVarsInLog = 0;
		};
		2D5439E2733F6434EC03A815 /* [CP] Embed Pods Frameworks */ = {
			isa = PBXShellScriptBuildPhase;
			buildActionMask = 2147483647;
			files = (
			);
			inputPaths = (
			);
			name = "[CP] Embed Pods Frameworks";
			outputPaths = (
			);
			runOnlyForDeploymentPostprocessing = 0;
			shellPath = /bin/sh;
			shellScript = "\"${SRCROOT}/Pods/Target Support Files/Pods-STWSocialKit_Example/Pods-STWSocialKit_Example-frameworks.sh\"\n";
			showEnvVarsInLog = 0;
		};
		B87AC2217C00EF3A7F538C23 /* [CP] Check Pods Manifest.lock */ = {
			isa = PBXShellScriptBuildPhase;
			buildActionMask = 2147483647;
			files = (
			);
			inputPaths = (
			);
			name = "[CP] Check Pods Manifest.lock";
			outputPaths = (
			);
			runOnlyForDeploymentPostprocessing = 0;
			shellPath = /bin/sh;
			shellScript = "diff \"${PODS_ROOT}/../Podfile.lock\" \"${PODS_ROOT}/Manifest.lock\" > /dev/null\nif [ $? != 0 ] ; then\n    # print error to STDERR\n    echo \"error: The sandbox is not in sync with the Podfile.lock. Run 'pod install' or update your CocoaPods installation.\" >&2\n    exit 1\nfi\n";
			showEnvVarsInLog = 0;
		};
/* End PBXShellScriptBuildPhase section */

/* Begin PBXSourcesBuildPhase section */
		607FACCC1AFB9204008FA782 /* Sources */ = {
			isa = PBXSourcesBuildPhase;
			buildActionMask = 2147483647;
			files = (
				6C1EDD961DEC28D300359992 /* SocialMediaDataSource.swift in Sources */,
				6C1EDDA01DEC2A6800359992 /* SMPostCell.swift in Sources */,
				6C1EDDA91DEC2BAA00359992 /* CollectionDelegate.swift in Sources */,
				6C1EDD9B1DEC2A4A00359992 /* SMPost.swift in Sources */,
				6C1EDDAD1DEC2FEC00359992 /* NetworkManager.swift in Sources */,
				6C1EDDAA1DEC2BAA00359992 /* CollectionDataSource.swift in Sources */,
				6C4300E61DEC681900E7F904 /* FetchRequestController.swift in Sources */,
				6C1EDD971DEC28D300359992 /* SocialMediaDelegate.swift in Sources */,
				6C1EDD951DEC28D300359992 /* SMPosts.swift in Sources */,
				6C1EDD911DEC28C600359992 /* SocialMediaViewController.swift in Sources */,
				6C1EDD9C1DEC2A4A00359992 /* SMAuthor.swift in Sources */,
				6C4300E81DEC6C4E00E7F904 /* StringExtension.swift in Sources */,
				607FACD61AFB9204008FA782 /* AppDelegate.swift in Sources */,
			);
			runOnlyForDeploymentPostprocessing = 0;
		};
		607FACE11AFB9204008FA782 /* Sources */ = {
			isa = PBXSourcesBuildPhase;
			buildActionMask = 2147483647;
			files = (
				607FACEC1AFB9204008FA782 /* Tests.swift in Sources */,
			);
			runOnlyForDeploymentPostprocessing = 0;
		};
/* End PBXSourcesBuildPhase section */

/* Begin PBXTargetDependency section */
		607FACE71AFB9204008FA782 /* PBXTargetDependency */ = {
			isa = PBXTargetDependency;
			target = 607FACCF1AFB9204008FA782 /* STWSocialKit_Example */;
			targetProxy = 607FACE61AFB9204008FA782 /* PBXContainerItemProxy */;
		};
/* End PBXTargetDependency section */

/* Begin PBXVariantGroup section */
		607FACD91AFB9204008FA782 /* Main.storyboard */ = {
			isa = PBXVariantGroup;
			children = (
				607FACDA1AFB9204008FA782 /* Base */,
			);
			name = Main.storyboard;
			sourceTree = "<group>";
		};
		607FACDE1AFB9204008FA782 /* LaunchScreen.xib */ = {
			isa = PBXVariantGroup;
			children = (
				607FACDF1AFB9204008FA782 /* Base */,
			);
			name = LaunchScreen.xib;
			sourceTree = "<group>";
		};
/* End PBXVariantGroup section */

/* Begin XCBuildConfiguration section */
		607FACED1AFB9204008FA782 /* Debug */ = {
			isa = XCBuildConfiguration;
			buildSettings = {
				ALWAYS_SEARCH_USER_PATHS = NO;
				CLANG_CXX_LANGUAGE_STANDARD = "gnu++0x";
				CLANG_CXX_LIBRARY = "libc++";
				CLANG_ENABLE_MODULES = YES;
				CLANG_ENABLE_OBJC_ARC = YES;
				CLANG_WARN_BOOL_CONVERSION = YES;
				CLANG_WARN_CONSTANT_CONVERSION = YES;
				CLANG_WARN_DIRECT_OBJC_ISA_USAGE = YES_ERROR;
				CLANG_WARN_EMPTY_BODY = YES;
				CLANG_WARN_ENUM_CONVERSION = YES;
				CLANG_WARN_INFINITE_RECURSION = YES;
				CLANG_WARN_INT_CONVERSION = YES;
				CLANG_WARN_OBJC_ROOT_CLASS = YES_ERROR;
				CLANG_WARN_SUSPICIOUS_MOVE = YES;
				CLANG_WARN_UNREACHABLE_CODE = YES;
				CLANG_WARN__DUPLICATE_METHOD_MATCH = YES;
				"CODE_SIGN_IDENTITY[sdk=iphoneos*]" = "iPhone Developer";
				COPY_PHASE_STRIP = NO;
				DEBUG_INFORMATION_FORMAT = "dwarf-with-dsym";
				ENABLE_STRICT_OBJC_MSGSEND = YES;
				ENABLE_TESTABILITY = YES;
				GCC_C_LANGUAGE_STANDARD = gnu99;
				GCC_DYNAMIC_NO_PIC = NO;
				GCC_NO_COMMON_BLOCKS = YES;
				GCC_OPTIMIZATION_LEVEL = 0;
				GCC_PREPROCESSOR_DEFINITIONS = (
					"DEBUG=1",
					"$(inherited)",
				);
				GCC_SYMBOLS_PRIVATE_EXTERN = NO;
				GCC_WARN_64_TO_32_BIT_CONVERSION = YES;
				GCC_WARN_ABOUT_RETURN_TYPE = YES_ERROR;
				GCC_WARN_UNDECLARED_SELECTOR = YES;
				GCC_WARN_UNINITIALIZED_AUTOS = YES_AGGRESSIVE;
				GCC_WARN_UNUSED_FUNCTION = YES;
				GCC_WARN_UNUSED_VARIABLE = YES;
				IPHONEOS_DEPLOYMENT_TARGET = 9.3;
				MTL_ENABLE_DEBUG_INFO = YES;
				ONLY_ACTIVE_ARCH = YES;
				SDKROOT = iphoneos;
				SWIFT_OPTIMIZATION_LEVEL = "-Onone";
			};
			name = Debug;
		};
		607FACEE1AFB9204008FA782 /* Release */ = {
			isa = XCBuildConfiguration;
			buildSettings = {
				ALWAYS_SEARCH_USER_PATHS = NO;
				CLANG_CXX_LANGUAGE_STANDARD = "gnu++0x";
				CLANG_CXX_LIBRARY = "libc++";
				CLANG_ENABLE_MODULES = YES;
				CLANG_ENABLE_OBJC_ARC = YES;
				CLANG_WARN_BOOL_CONVERSION = YES;
				CLANG_WARN_CONSTANT_CONVERSION = YES;
				CLANG_WARN_DIRECT_OBJC_ISA_USAGE = YES_ERROR;
				CLANG_WARN_EMPTY_BODY = YES;
				CLANG_WARN_ENUM_CONVERSION = YES;
				CLANG_WARN_INFINITE_RECURSION = YES;
				CLANG_WARN_INT_CONVERSION = YES;
				CLANG_WARN_OBJC_ROOT_CLASS = YES_ERROR;
				CLANG_WARN_SUSPICIOUS_MOVE = YES;
				CLANG_WARN_UNREACHABLE_CODE = YES;
				CLANG_WARN__DUPLICATE_METHOD_MATCH = YES;
				"CODE_SIGN_IDENTITY[sdk=iphoneos*]" = "iPhone Developer";
				COPY_PHASE_STRIP = NO;
				DEBUG_INFORMATION_FORMAT = "dwarf-with-dsym";
				ENABLE_NS_ASSERTIONS = NO;
				ENABLE_STRICT_OBJC_MSGSEND = YES;
				GCC_C_LANGUAGE_STANDARD = gnu99;
				GCC_NO_COMMON_BLOCKS = YES;
				GCC_WARN_64_TO_32_BIT_CONVERSION = YES;
				GCC_WARN_ABOUT_RETURN_TYPE = YES_ERROR;
				GCC_WARN_UNDECLARED_SELECTOR = YES;
				GCC_WARN_UNINITIALIZED_AUTOS = YES_AGGRESSIVE;
				GCC_WARN_UNUSED_FUNCTION = YES;
				GCC_WARN_UNUSED_VARIABLE = YES;
				IPHONEOS_DEPLOYMENT_TARGET = 9.3;
				MTL_ENABLE_DEBUG_INFO = NO;
				SDKROOT = iphoneos;
				SWIFT_OPTIMIZATION_LEVEL = "-Owholemodule";
				VALIDATE_PRODUCT = YES;
			};
			name = Release;
		};
		607FACF01AFB9204008FA782 /* Debug */ = {
			isa = XCBuildConfiguration;
			baseConfigurationReference = 86AC069CDD116960932A51D4 /* Pods-STWSocialKit_Example.debug.xcconfig */;
			buildSettings = {
				ALWAYS_EMBED_SWIFT_STANDARD_LIBRARIES = YES;
				ASSETCATALOG_COMPILER_APPICON_NAME = AppIcon;
				INFOPLIST_FILE = STWSocialKit/Info.plist;
				IPHONEOS_DEPLOYMENT_TARGET = 9.3;
				LD_RUNPATH_SEARCH_PATHS = "$(inherited) @executable_path/Frameworks";
				MODULE_NAME = ExampleApp;
				PRODUCT_BUNDLE_IDENTIFIER = "org.cocoapods.demo.$(PRODUCT_NAME:rfc1034identifier)";
				PRODUCT_NAME = "$(TARGET_NAME)";
				SWIFT_VERSION = 3.0;
			};
			name = Debug;
		};
		607FACF11AFB9204008FA782 /* Release */ = {
			isa = XCBuildConfiguration;
			baseConfigurationReference = 5660A8FEF1BA3C4A3FDF24C0 /* Pods-STWSocialKit_Example.release.xcconfig */;
			buildSettings = {
				ALWAYS_EMBED_SWIFT_STANDARD_LIBRARIES = YES;
				ASSETCATALOG_COMPILER_APPICON_NAME = AppIcon;
				INFOPLIST_FILE = STWSocialKit/Info.plist;
				IPHONEOS_DEPLOYMENT_TARGET = 9.3;
				LD_RUNPATH_SEARCH_PATHS = "$(inherited) @executable_path/Frameworks";
				MODULE_NAME = ExampleApp;
				PRODUCT_BUNDLE_IDENTIFIER = "org.cocoapods.demo.$(PRODUCT_NAME:rfc1034identifier)";
				PRODUCT_NAME = "$(TARGET_NAME)";
				SWIFT_VERSION = 3.0;
			};
			name = Release;
		};
		607FACF31AFB9204008FA782 /* Debug */ = {
			isa = XCBuildConfiguration;
			buildSettings = {
				FRAMEWORK_SEARCH_PATHS = (
					"$(SDKROOT)/Developer/Library/Frameworks",
					"$(inherited)",
				);
				GCC_PREPROCESSOR_DEFINITIONS = (
					"DEBUG=1",
					"$(inherited)",
				);
				INFOPLIST_FILE = Tests/Info.plist;
				LD_RUNPATH_SEARCH_PATHS = "$(inherited) @executable_path/Frameworks @loader_path/Frameworks";
				PRODUCT_BUNDLE_IDENTIFIER = "org.cocoapods.$(PRODUCT_NAME:rfc1034identifier)";
				PRODUCT_NAME = "$(TARGET_NAME)";
				SWIFT_VERSION = 3.0;
			};
			name = Debug;
		};
		607FACF41AFB9204008FA782 /* Release */ = {
			isa = XCBuildConfiguration;
			buildSettings = {
				FRAMEWORK_SEARCH_PATHS = (
					"$(SDKROOT)/Developer/Library/Frameworks",
					"$(inherited)",
				);
				INFOPLIST_FILE = Tests/Info.plist;
				LD_RUNPATH_SEARCH_PATHS = "$(inherited) @executable_path/Frameworks @loader_path/Frameworks";
				PRODUCT_BUNDLE_IDENTIFIER = "org.cocoapods.$(PRODUCT_NAME:rfc1034identifier)";
				PRODUCT_NAME = "$(TARGET_NAME)";
				SWIFT_VERSION = 3.0;
			};
			name = Release;
		};
/* End XCBuildConfiguration section */

/* Begin XCConfigurationList section */
		607FACCB1AFB9204008FA782 /* Build configuration list for PBXProject "STWSocialKit" */ = {
			isa = XCConfigurationList;
			buildConfigurations = (
				607FACED1AFB9204008FA782 /* Debug */,
				607FACEE1AFB9204008FA782 /* Release */,
			);
			defaultConfigurationIsVisible = 0;
			defaultConfigurationName = Release;
		};
		607FACEF1AFB9204008FA782 /* Build configuration list for PBXNativeTarget "STWSocialKit_Example" */ = {
			isa = XCConfigurationList;
			buildConfigurations = (
				607FACF01AFB9204008FA782 /* Debug */,
				607FACF11AFB9204008FA782 /* Release */,
			);
			defaultConfigurationIsVisible = 0;
			defaultConfigurationName = Release;
		};
		607FACF21AFB9204008FA782 /* Build configuration list for PBXNativeTarget "STWSocialKit_Tests" */ = {
			isa = XCConfigurationList;
			buildConfigurations = (
				607FACF31AFB9204008FA782 /* Debug */,
				607FACF41AFB9204008FA782 /* Release */,
			);
			defaultConfigurationIsVisible = 0;
			defaultConfigurationName = Release;
		};
/* End XCConfigurationList section */
	};
	rootObject = 607FACC81AFB9204008FA782 /* Project object */;
}
